<?xml version="1.0" encoding="utf-8"?>
<Project ToolsVersion="4.0" xmlns="http://schemas.microsoft.com/developer/msbuild/2003">
  <ItemGroup>
    <Filter Include="Source Files">
      <UniqueIdentifier>{4FC737F1-C7A5-4376-A066-2A32D752A2FF}</UniqueIdentifier>
      <Extensions>cpp;c;cc;cxx;def;odl;idl;hpj;bat;asm;asmx</Extensions>
    </Filter>
    <Filter Include="Public Header Files">
      <UniqueIdentifier>{93995380-89BD-4b04-88EB-625FBE52EBFB}</UniqueIdentifier>
      <Extensions>h;hpp;hxx;hm;inl;inc;xsd</Extensions>
    </Filter>
    <Filter Include="Documentation">
      <UniqueIdentifier>{a170faa2-2538-465a-b593-6085e61a5863}</UniqueIdentifier>
    </Filter>
    <Filter Include="Documentation\Internal">
      <UniqueIdentifier>{260151a4-4375-4d1b-9eee-3ed980908a3f}</UniqueIdentifier>
    </Filter>
    <Filter Include="Documentation\Public">
      <UniqueIdentifier>{6540348a-ac5b-44f1-ba8f-9b6b77436a68}</UniqueIdentifier>
    </Filter>
    <Filter Include="Internal Header Files">
      <UniqueIdentifier>{beb2e641-1be4-4f01-9329-4c9c3b8bb43a}</UniqueIdentifier>
    </Filter>
    <Filter Include="RegExp">
      <UniqueIdentifier>{df0387ab-510f-43aa-8c16-03d45200d5d2}</UniqueIdentifier>
    </Filter>
  </ItemGroup>
  <ItemGroup>
    <None Include="InternalDocs\Topics.txt">
      <Filter>Documentation\Internal</Filter>
    </None>
    <None Include="InternalDocs\Languages.txt">
      <Filter>Documentation\Internal</Filter>
    </None>
    <None Include="InternalDocs\Menu.txt">
      <Filter>Documentation\Internal</Filter>
    </None>
    <None Include="PublicDocs\Menu.txt">
      <Filter>Documentation\Public</Filter>
    </None>
    <None Include="PublicDocs\Topics.txt">
      <Filter>Documentation\Public</Filter>
    </None>
    <None Include="PublicDocs\Languages.txt">
      <Filter>Documentation\Public</Filter>
    </None>
  </ItemGroup>
  <ItemGroup>
    <ClCompile Include="coatl.c">
      <Filter>Source Files</Filter>
    </ClCompile>
    <ClCompile Include="coatlRegexp.c">
      <Filter>Source Files</Filter>
    </ClCompile>
    <ClCompile Include="coatlUnicode.c">
      <Filter>Source Files</Filter>
    </ClCompile>
    <ClCompile Include="coatlUcd.c">
      <Filter>Source Files</Filter>
    </ClCompile>
    <ClCompile Include="re\regc_color.c">
      <Filter>RegExp</Filter>
    </ClCompile>
    <ClCompile Include="re\regc_cvec.c">
      <Filter>RegExp</Filter>
    </ClCompile>
    <ClCompile Include="re\regc_lex.c">
      <Filter>RegExp</Filter>
    </ClCompile>
    <ClCompile Include="re\regc_locale.c">
      <Filter>RegExp</Filter>
    </ClCompile>
    <ClCompile Include="re\regc_nfa.c">
      <Filter>RegExp</Filter>
    </ClCompile>
    <ClCompile Include="re\regcomp.c">
      <Filter>RegExp</Filter>
    </ClCompile>
    <ClCompile Include="re\rege_dfa.c">
      <Filter>RegExp</Filter>
    </ClCompile>
    <ClCompile Include="re\regerror.c">
      <Filter>RegExp</Filter>
    </ClCompile>
    <ClCompile Include="re\regexec.c">
      <Filter>RegExp</Filter>
    </ClCompile>
    <ClCompile Include="re\regfree.c">
      <Filter>RegExp</Filter>
    </ClCompile>
    <ClCompile Include="..\..\..\..\..\..\Tcl\src\tcl8.5.5\generic\tclStringObj.c">
      <Filter>Source Files</Filter>
    </ClCompile>
  </ItemGroup>
  <ItemGroup>
    <ClInclude Include="include\coatl.h">
      <Filter>Public Header Files</Filter>
    </ClInclude>
    <ClInclude Include="include\coatlRegexp.h">
      <Filter>Public Header Files</Filter>
    </ClInclude>
    <ClInclude Include="include\coatlUnicode.h">
      <Filter>Public Header Files</Filter>
    </ClInclude>
    <ClInclude Include="include\coatlUcdProperties.h">
      <Filter>Public Header Files</Filter>
    </ClInclude>
    <ClInclude Include="include\coatlUcd.h">
      <Filter>Public Header Files</Filter>
    </ClInclude>
    <ClInclude Include="coatlInternal.h">
      <Filter>Internal Header Files</Filter>
    </ClInclude>
    <ClInclude Include="re\regcustom.h">
      <Filter>RegExp</Filter>
    </ClInclude>
    <ClInclude Include="re\regerrs.h">
      <Filter>RegExp</Filter>
    </ClInclude>
    <ClInclude Include="re\regex.h">
      <Filter>RegExp</Filter>
    </ClInclude>
    <ClInclude Include="re\regguts.h">
      <Filter>RegExp</Filter>
    </ClInclude>
  </ItemGroup>
</Project>